
Microsoft Visual Studio Solution File, Format Version 12.00
# Visual Studio Version 17
VisualStudioVersion = 17.10.35013.160
MinimumVisualStudioVersion = 10.0.40219.1
Project("{FAE04EC0-301F-11D3-BF4B-00C04F79EFBC}") = "CommandDP", "CommandDP.csproj", "{0093A8F3-A2E0-445F-8E6B-F737DDB9E38B}"
EndProject
Global
	GlobalSection(SolutionConfigurationPlatforms) = preSolution
		Debug|Any CPU = Debug|Any CPU
		Release|Any CPU = Release|Any CPU
	EndGlobalSection
	GlobalSection(ProjectConfigurationPlatforms) = postSolution
		{0093A8F3-A2E0-445F-8E6B-F737DDB9E38B}.Debug|Any CPU.ActiveCfg = Debug|Any CPU
		{0093A8F3-A2E0-445F-8E6B-F737DDB9E38B}.Debug|Any CPU.Build.0 = Debug|Any CPU
		{0093A8F3-A2E0-445F-8E6B-F737DDB9E38B}.Release|Any CPU.ActiveCfg = Release|Any CPU
		{0093A8F3-A2E0-445F-8E6B-F737DDB9E38B}.Release|Any CPU.Build.0 = Release|Any CPU
	EndGlobalSection
	GlobalSection(SolutionProperties) = preSolution
		HideSolutionNode = FALSE
	EndGlobalSection
	GlobalSection(ExtensibilityGlobals) = postSolution
		SolutionGuid = {3DABDDEF-B5C9-40C2-931A-DFA984CFD9D0}
	EndGlobalSection
EndGlobal
